// !$*UTF8*$!
{
	archiveVersion = 1;
	classes = {
	};
	objectVersion = 51;
	objects = {

/* Begin PBXBuildFile section */
		479ACB2B25EACC7E00C5E4FA /* AppDelegate.swift in Sources */ = {isa = PBXBuildFile; fileRef = 479ACB2A25EACC7E00C5E4FA /* AppDelegate.swift */; };
		479ACB2D25EACC7E00C5E4FA /* SceneDelegate.swift in Sources */ = {isa = PBXBuildFile; fileRef = 479ACB2C25EACC7E00C5E4FA /* SceneDelegate.swift */; };
		479ACB3225EACC7E00C5E4FA /* Main.storyboard in Resources */ = {isa = PBXBuildFile; fileRef = 479ACB3025EACC7E00C5E4FA /* Main.storyboard */; };
		479ACB3525EACC7E00C5E4FA /* alboLeslieYaneth.xcdatamodeld in Sources */ = {isa = PBXBuildFile; fileRef = 479ACB3325EACC7E00C5E4FA /* alboLeslieYaneth.xcdatamodeld */; };
		479ACB3725EACC7F00C5E4FA /* Assets.xcassets in Resources */ = {isa = PBXBuildFile; fileRef = 479ACB3625EACC7F00C5E4FA /* Assets.xcassets */; };
		479ACB3A25EACC7F00C5E4FA /* LaunchScreen.storyboard in Resources */ = {isa = PBXBuildFile; fileRef = 479ACB3825EACC7F00C5E4FA /* LaunchScreen.storyboard */; };
		479ACBC625EAE5FC00C5E4FA /* BaseViewController.swift in Sources */ = {isa = PBXBuildFile; fileRef = 479ACBC525EAE5FC00C5E4FA /* BaseViewController.swift */; };
		479ACBCD25EAE64600C5E4FA /* MainFeedUseCases.swift in Sources */ = {isa = PBXBuildFile; fileRef = 479ACBCC25EAE64600C5E4FA /* MainFeedUseCases.swift */; };
		479ACBD025EAE66000C5E4FA /* MainFeedInteractor.swift in Sources */ = {isa = PBXBuildFile; fileRef = 479ACBCF25EAE66000C5E4FA /* MainFeedInteractor.swift */; };
		479ACBD325EAE69100C5E4FA /* MainFeedPresenter.swift in Sources */ = {isa = PBXBuildFile; fileRef = 479ACBD225EAE69100C5E4FA /* MainFeedPresenter.swift */; };
		479ACBD625EAE6C500C5E4FA /* MainFeedRouter.swift in Sources */ = {isa = PBXBuildFile; fileRef = 479ACBD525EAE6C500C5E4FA /* MainFeedRouter.swift */; };
		479ACBD925EAE6F800C5E4FA /* MainFeedViewController.swift in Sources */ = {isa = PBXBuildFile; fileRef = 479ACBD825EAE6F800C5E4FA /* MainFeedViewController.swift */; };
		479ACBDE25EAE78300C5E4FA /* AlboLeslieAPI.swift in Sources */ = {isa = PBXBuildFile; fileRef = 479ACBDD25EAE78300C5E4FA /* AlboLeslieAPI.swift */; };
		479ACBE225EAE82B00C5E4FA /* NetworkManager.swift in Sources */ = {isa = PBXBuildFile; fileRef = 479ACBE125EAE82B00C5E4FA /* NetworkManager.swift */; };
		479ACBE725EAE8DB00C5E4FA /* UIStoryboardExtensions.swift in Sources */ = {isa = PBXBuildFile; fileRef = 479ACBE625EAE8DB00C5E4FA /* UIStoryboardExtensions.swift */; };
		479ACBED25EAF83400C5E4FA /* AirportBaseViewController.swift in Sources */ = {isa = PBXBuildFile; fileRef = 479ACBEC25EAF83400C5E4FA /* AirportBaseViewController.swift */; };
		479ACBF125EAF96200C5E4FA /* AirportBaseRouter.swift in Sources */ = {isa = PBXBuildFile; fileRef = 479ACBF025EAF96200C5E4FA /* AirportBaseRouter.swift */; };
		479ACBF525EAFA5F00C5E4FA /* TabMenuViewCell.swift in Sources */ = {isa = PBXBuildFile; fileRef = 479ACBF425EAFA5F00C5E4FA /* TabMenuViewCell.swift */; };
		479ACBFB25EAFBE300C5E4FA /* MapUseCases.swift in Sources */ = {isa = PBXBuildFile; fileRef = 479ACBFA25EAFBE300C5E4FA /* MapUseCases.swift */; };
		479ACBFF25EAFC0100C5E4FA /* MapInteractor.swift in Sources */ = {isa = PBXBuildFile; fileRef = 479ACBFE25EAFC0100C5E4FA /* MapInteractor.swift */; };
		479ACC0225EAFC1700C5E4FA /* MapPresenter.swift in Sources */ = {isa = PBXBuildFile; fileRef = 479ACC0125EAFC1700C5E4FA /* MapPresenter.swift */; };
		479ACC0525EAFC2900C5E4FA /* MapRouter.swift in Sources */ = {isa = PBXBuildFile; fileRef = 479ACC0425EAFC2900C5E4FA /* MapRouter.swift */; };
		479ACC0825EAFC4500C5E4FA /* MapViewController.swift in Sources */ = {isa = PBXBuildFile; fileRef = 479ACC0725EAFC4500C5E4FA /* MapViewController.swift */; };
		479ACC0C25EAFD2600C5E4FA /* ListAirportsUseCases.swift in Sources */ = {isa = PBXBuildFile; fileRef = 479ACC0B25EAFD2600C5E4FA /* ListAirportsUseCases.swift */; };
		479ACC1025EAFD3A00C5E4FA /* ListAirportsInteractor.swift in Sources */ = {isa = PBXBuildFile; fileRef = 479ACC0F25EAFD3A00C5E4FA /* ListAirportsInteractor.swift */; };
		479ACC1325EAFD5D00C5E4FA /* ListAirportsPresenter.swift in Sources */ = {isa = PBXBuildFile; fileRef = 479ACC1225EAFD5D00C5E4FA /* ListAirportsPresenter.swift */; };
		479ACC1625EAFD7100C5E4FA /* ListAirportsRouter.swift in Sources */ = {isa = PBXBuildFile; fileRef = 479ACC1525EAFD7100C5E4FA /* ListAirportsRouter.swift */; };
		479ACC1925EAFD8500C5E4FA /* ListAirportsViewController.swift in Sources */ = {isa = PBXBuildFile; fileRef = 479ACC1825EAFD8500C5E4FA /* ListAirportsViewController.swift */; };
		479ACC3525EB077500C5E4FA /* AirportsModels.swift in Sources */ = {isa = PBXBuildFile; fileRef = 479ACC3425EB077500C5E4FA /* AirportsModels.swift */; };
		479ACC3825EB085200C5E4FA /* ListAirportsWorker.swift in Sources */ = {isa = PBXBuildFile; fileRef = 479ACC3725EB085200C5E4FA /* ListAirportsWorker.swift */; };
		479ACC3C25EB1BDA00C5E4FA /* AirportsCell.swift in Sources */ = {isa = PBXBuildFile; fileRef = 479ACC3B25EB1BDA00C5E4FA /* AirportsCell.swift */; };
		CFC3A5550B1C6502285440FD /* Pods_alboLeslieYaneth.framework in Frameworks */ = {isa = PBXBuildFile; fileRef = D6CB2BB30B9663855095CA06 /* Pods_alboLeslieYaneth.framework */; };
/* End PBXBuildFile section */

/* Begin PBXFileReference section */
		0C9473F19333D00B20769BA7 /* Pods-alboLeslieYaneth.release.xcconfig */ = {isa = PBXFileReference; includeInIndex = 1; lastKnownFileType = text.xcconfig; name = "Pods-alboLeslieYaneth.release.xcconfig"; path = "Target Support Files/Pods-alboLeslieYaneth/Pods-alboLeslieYaneth.release.xcconfig"; sourceTree = "<group>"; };
		479ACB2725EACC7E00C5E4FA /* alboLeslieYaneth.app */ = {isa = PBXFileReference; explicitFileType = wrapper.application; includeInIndex = 0; path = alboLeslieYaneth.app; sourceTree = BUILT_PRODUCTS_DIR; };
		479ACB2A25EACC7E00C5E4FA /* AppDelegate.swift */ = {isa = PBXFileReference; lastKnownFileType = sourcecode.swift; path = AppDelegate.swift; sourceTree = "<group>"; };
		479ACB2C25EACC7E00C5E4FA /* SceneDelegate.swift */ = {isa = PBXFileReference; lastKnownFileType = sourcecode.swift; path = SceneDelegate.swift; sourceTree = "<group>"; };
		479ACB3125EACC7E00C5E4FA /* Base */ = {isa = PBXFileReference; lastKnownFileType = file.storyboard; name = Base; path = Base.lproj/Main.storyboard; sourceTree = "<group>"; };
		479ACB3425EACC7E00C5E4FA /* alboLeslieYaneth.xcdatamodel */ = {isa = PBXFileReference; lastKnownFileType = wrapper.xcdatamodel; path = alboLeslieYaneth.xcdatamodel; sourceTree = "<group>"; };
		479ACB3625EACC7F00C5E4FA /* Assets.xcassets */ = {isa = PBXFileReference; lastKnownFileType = folder.assetcatalog; path = Assets.xcassets; sourceTree = "<group>"; };
		479ACB3925EACC7F00C5E4FA /* Base */ = {isa = PBXFileReference; lastKnownFileType = file.storyboard; name = Base; path = Base.lproj/LaunchScreen.storyboard; sourceTree = "<group>"; };
		479ACB3B25EACC7F00C5E4FA /* Info.plist */ = {isa = PBXFileReference; lastKnownFileType = text.plist.xml; path = Info.plist; sourceTree = "<group>"; };
		479ACBC525EAE5FC00C5E4FA /* BaseViewController.swift */ = {isa = PBXFileReference; lastKnownFileType = sourcecode.swift; path = BaseViewController.swift; sourceTree = "<group>"; };
		479ACBCC25EAE64600C5E4FA /* MainFeedUseCases.swift */ = {isa = PBXFileReference; lastKnownFileType = sourcecode.swift; path = MainFeedUseCases.swift; sourceTree = "<group>"; };
		479ACBCF25EAE66000C5E4FA /* MainFeedInteractor.swift */ = {isa = PBXFileReference; lastKnownFileType = sourcecode.swift; path = MainFeedInteractor.swift; sourceTree = "<group>"; };
		479ACBD225EAE69100C5E4FA /* MainFeedPresenter.swift */ = {isa = PBXFileReference; lastKnownFileType = sourcecode.swift; path = MainFeedPresenter.swift; sourceTree = "<group>"; };
		479ACBD525EAE6C500C5E4FA /* MainFeedRouter.swift */ = {isa = PBXFileReference; lastKnownFileType = sourcecode.swift; path = MainFeedRouter.swift; sourceTree = "<group>"; };
		479ACBD825EAE6F800C5E4FA /* MainFeedViewController.swift */ = {isa = PBXFileReference; lastKnownFileType = sourcecode.swift; path = MainFeedViewController.swift; sourceTree = "<group>"; };
		479ACBDD25EAE78300C5E4FA /* AlboLeslieAPI.swift */ = {isa = PBXFileReference; lastKnownFileType = sourcecode.swift; path = AlboLeslieAPI.swift; sourceTree = "<group>"; };
		479ACBE125EAE82B00C5E4FA /* NetworkManager.swift */ = {isa = PBXFileReference; lastKnownFileType = sourcecode.swift; path = NetworkManager.swift; sourceTree = "<group>"; };
		479ACBE625EAE8DB00C5E4FA /* UIStoryboardExtensions.swift */ = {isa = PBXFileReference; lastKnownFileType = sourcecode.swift; path = UIStoryboardExtensions.swift; sourceTree = "<group>"; };
		479ACBEC25EAF83400C5E4FA /* AirportBaseViewController.swift */ = {isa = PBXFileReference; lastKnownFileType = sourcecode.swift; path = AirportBaseViewController.swift; sourceTree = "<group>"; };
		479ACBF025EAF96200C5E4FA /* AirportBaseRouter.swift */ = {isa = PBXFileReference; lastKnownFileType = sourcecode.swift; path = AirportBaseRouter.swift; sourceTree = "<group>"; };
		479ACBF425EAFA5F00C5E4FA /* TabMenuViewCell.swift */ = {isa = PBXFileReference; lastKnownFileType = sourcecode.swift; path = TabMenuViewCell.swift; sourceTree = "<group>"; };
		479ACBFA25EAFBE300C5E4FA /* MapUseCases.swift */ = {isa = PBXFileReference; lastKnownFileType = sourcecode.swift; path = MapUseCases.swift; sourceTree = "<group>"; };
		479ACBFE25EAFC0100C5E4FA /* MapInteractor.swift */ = {isa = PBXFileReference; lastKnownFileType = sourcecode.swift; path = MapInteractor.swift; sourceTree = "<group>"; };
		479ACC0125EAFC1700C5E4FA /* MapPresenter.swift */ = {isa = PBXFileReference; lastKnownFileType = sourcecode.swift; path = MapPresenter.swift; sourceTree = "<group>"; };
		479ACC0425EAFC2900C5E4FA /* MapRouter.swift */ = {isa = PBXFileReference; lastKnownFileType = sourcecode.swift; path = MapRouter.swift; sourceTree = "<group>"; };
		479ACC0725EAFC4500C5E4FA /* MapViewController.swift */ = {isa = PBXFileReference; lastKnownFileType = sourcecode.swift; path = MapViewController.swift; sourceTree = "<group>"; };
		479ACC0B25EAFD2600C5E4FA /* ListAirportsUseCases.swift */ = {isa = PBXFileReference; lastKnownFileType = sourcecode.swift; path = ListAirportsUseCases.swift; sourceTree = "<group>"; };
		479ACC0F25EAFD3A00C5E4FA /* ListAirportsInteractor.swift */ = {isa = PBXFileReference; lastKnownFileType = sourcecode.swift; path = ListAirportsInteractor.swift; sourceTree = "<group>"; };
		479ACC1225EAFD5D00C5E4FA /* ListAirportsPresenter.swift */ = {isa = PBXFileReference; lastKnownFileType = sourcecode.swift; path = ListAirportsPresenter.swift; sourceTree = "<group>"; };
		479ACC1525EAFD7100C5E4FA /* ListAirportsRouter.swift */ = {isa = PBXFileReference; lastKnownFileType = sourcecode.swift; path = ListAirportsRouter.swift; sourceTree = "<group>"; };
		479ACC1825EAFD8500C5E4FA /* ListAirportsViewController.swift */ = {isa = PBXFileReference; lastKnownFileType = sourcecode.swift; path = ListAirportsViewController.swift; sourceTree = "<group>"; };
		479ACC3425EB077500C5E4FA /* AirportsModels.swift */ = {isa = PBXFileReference; lastKnownFileType = sourcecode.swift; path = AirportsModels.swift; sourceTree = "<group>"; };
		479ACC3725EB085200C5E4FA /* ListAirportsWorker.swift */ = {isa = PBXFileReference; lastKnownFileType = sourcecode.swift; path = ListAirportsWorker.swift; sourceTree = "<group>"; };
		479ACC3B25EB1BDA00C5E4FA /* AirportsCell.swift */ = {isa = PBXFileReference; lastKnownFileType = sourcecode.swift; path = AirportsCell.swift; sourceTree = "<group>"; };
		948056B8CCBF297128412070 /* Pods-alboLeslieYaneth.debug.xcconfig */ = {isa = PBXFileReference; includeInIndex = 1; lastKnownFileType = text.xcconfig; name = "Pods-alboLeslieYaneth.debug.xcconfig"; path = "Target Support Files/Pods-alboLeslieYaneth/Pods-alboLeslieYaneth.debug.xcconfig"; sourceTree = "<group>"; };
		D6CB2BB30B9663855095CA06 /* Pods_alboLeslieYaneth.framework */ = {isa = PBXFileReference; explicitFileType = wrapper.framework; includeInIndex = 0; path = Pods_alboLeslieYaneth.framework; sourceTree = BUILT_PRODUCTS_DIR; };
/* End PBXFileReference section */

/* Begin PBXFrameworksBuildPhase section */
		479ACB2425EACC7E00C5E4FA /* Frameworks */ = {
			isa = PBXFrameworksBuildPhase;
			buildActionMask = 2147483647;
			files = (
				CFC3A5550B1C6502285440FD /* Pods_alboLeslieYaneth.framework in Frameworks */,
			);
			runOnlyForDeploymentPostprocessing = 0;
		};
/* End PBXFrameworksBuildPhase section */

/* Begin PBXGroup section */
		479ACB1E25EACC7E00C5E4FA = {
			isa = PBXGroup;
			children = (
				479ACB2925EACC7E00C5E4FA /* alboLeslieYaneth */,
				479ACB2825EACC7E00C5E4FA /* Products */,
				DDD37D0625436D77B53E29D8 /* Pods */,
				EFE42BC082A79A9A58037F3E /* Frameworks */,
			);
			sourceTree = "<group>";
		};
		479ACB2825EACC7E00C5E4FA /* Products */ = {
			isa = PBXGroup;
			children = (
				479ACB2725EACC7E00C5E4FA /* alboLeslieYaneth.app */,
			);
			name = Products;
			sourceTree = "<group>";
		};
		479ACB2925EACC7E00C5E4FA /* alboLeslieYaneth */ = {
			isa = PBXGroup;
			children = (
				479ACBE525EAE8C500C5E4FA /* Extensions */,
				479ACBE425EAE8B800C5E4FA /* Models */,
				479ACBDC25EAE76D00C5E4FA /* Services */,
				479ACBDB25EAE76100C5E4FA /* Workers */,
				479ACBC925EAE61500C5E4FA /* Modules */,
				479ACBC425EAE5DF00C5E4FA /* Common */,
				479ACB2A25EACC7E00C5E4FA /* AppDelegate.swift */,
				479ACB2C25EACC7E00C5E4FA /* SceneDelegate.swift */,
				479ACB3625EACC7F00C5E4FA /* Assets.xcassets */,
				479ACB3825EACC7F00C5E4FA /* LaunchScreen.storyboard */,
				479ACB3B25EACC7F00C5E4FA /* Info.plist */,
				479ACB3325EACC7E00C5E4FA /* alboLeslieYaneth.xcdatamodeld */,
			);
			path = alboLeslieYaneth;
			sourceTree = "<group>";
		};
		479ACBC425EAE5DF00C5E4FA /* Common */ = {
			isa = PBXGroup;
			children = (
				479ACBC525EAE5FC00C5E4FA /* BaseViewController.swift */,
			);
			path = Common;
			sourceTree = "<group>";
		};
		479ACBC925EAE61500C5E4FA /* Modules */ = {
			isa = PBXGroup;
			children = (
				479ACBCA25EAE62300C5E4FA /* Main Screen */,
			);
			path = Modules;
			sourceTree = "<group>";
		};
		479ACBCA25EAE62300C5E4FA /* Main Screen */ = {
			isa = PBXGroup;
			children = (
				479ACC0A25EAFD0B00C5E4FA /* List Airports Scene */,
				479ACBF925EAFBA000C5E4FA /* Map Feed Scene */,
				479ACBF325EAFA3B00C5E4FA /* Component */,
				479ACBEB25EAF64400C5E4FA /* Airport Base Scene */,
				479ACB3025EACC7E00C5E4FA /* Main.storyboard */,
				479ACBCB25EAE62F00C5E4FA /* Main Feed Scene */,
			);
			path = "Main Screen";
			sourceTree = "<group>";
		};
		479ACBCB25EAE62F00C5E4FA /* Main Feed Scene */ = {
			isa = PBXGroup;
			children = (
				479ACBCC25EAE64600C5E4FA /* MainFeedUseCases.swift */,
				479ACBCF25EAE66000C5E4FA /* MainFeedInteractor.swift */,
				479ACBD225EAE69100C5E4FA /* MainFeedPresenter.swift */,
				479ACBD525EAE6C500C5E4FA /* MainFeedRouter.swift */,
				479ACBD825EAE6F800C5E4FA /* MainFeedViewController.swift */,
			);
			path = "Main Feed Scene";
			sourceTree = "<group>";
		};
		479ACBDB25EAE76100C5E4FA /* Workers */ = {
			isa = PBXGroup;
			children = (
				479ACC3725EB085200C5E4FA /* ListAirportsWorker.swift */,
			);
			path = Workers;
			sourceTree = "<group>";
		};
		479ACBDC25EAE76D00C5E4FA /* Services */ = {
			isa = PBXGroup;
			children = (
				479ACBDD25EAE78300C5E4FA /* AlboLeslieAPI.swift */,
				479ACBE125EAE82B00C5E4FA /* NetworkManager.swift */,
			);
			path = Services;
			sourceTree = "<group>";
		};
		479ACBE425EAE8B800C5E4FA /* Models */ = {
			isa = PBXGroup;
			children = (
				479ACC3425EB077500C5E4FA /* AirportsModels.swift */,
			);
			path = Models;
			sourceTree = "<group>";
		};
		479ACBE525EAE8C500C5E4FA /* Extensions */ = {
			isa = PBXGroup;
			children = (
				479ACBE625EAE8DB00C5E4FA /* UIStoryboardExtensions.swift */,
			);
			path = Extensions;
			sourceTree = "<group>";
		};
		479ACBEB25EAF64400C5E4FA /* Airport Base Scene */ = {
			isa = PBXGroup;
			children = (
				479ACBEC25EAF83400C5E4FA /* AirportBaseViewController.swift */,
				479ACBF025EAF96200C5E4FA /* AirportBaseRouter.swift */,
			);
			path = "Airport Base Scene";
			sourceTree = "<group>";
		};
		479ACBF325EAFA3B00C5E4FA /* Component */ = {
			isa = PBXGroup;
			children = (
				479ACBF425EAFA5F00C5E4FA /* TabMenuViewCell.swift */,
				479ACC3B25EB1BDA00C5E4FA /* AirportsCell.swift */,
			);
			path = Component;
			sourceTree = "<group>";
		};
		479ACBF925EAFBA000C5E4FA /* Map Feed Scene */ = {
			isa = PBXGroup;
			children = (
				479ACBFA25EAFBE300C5E4FA /* MapUseCases.swift */,
				479ACBFE25EAFC0100C5E4FA /* MapInteractor.swift */,
				479ACC0125EAFC1700C5E4FA /* MapPresenter.swift */,
				479ACC0425EAFC2900C5E4FA /* MapRouter.swift */,
				479ACC0725EAFC4500C5E4FA /* MapViewController.swift */,
			);
			path = "Map Feed Scene";
			sourceTree = "<group>";
		};
		479ACC0A25EAFD0B00C5E4FA /* List Airports Scene */ = {
			isa = PBXGroup;
			children = (
				479ACC0B25EAFD2600C5E4FA /* ListAirportsUseCases.swift */,
				479ACC0F25EAFD3A00C5E4FA /* ListAirportsInteractor.swift */,
				479ACC1225EAFD5D00C5E4FA /* ListAirportsPresenter.swift */,
				479ACC1525EAFD7100C5E4FA /* ListAirportsRouter.swift */,
				479ACC1825EAFD8500C5E4FA /* ListAirportsViewController.swift */,
			);
			path = "List Airports Scene";
			sourceTree = "<group>";
		};
		DDD37D0625436D77B53E29D8 /* Pods */ = {
			isa = PBXGroup;
			children = (
				948056B8CCBF297128412070 /* Pods-alboLeslieYaneth.debug.xcconfig */,
				0C9473F19333D00B20769BA7 /* Pods-alboLeslieYaneth.release.xcconfig */,
			);
			path = Pods;
			sourceTree = "<group>";
		};
		EFE42BC082A79A9A58037F3E /* Frameworks */ = {
			isa = PBXGroup;
			children = (
				D6CB2BB30B9663855095CA06 /* Pods_alboLeslieYaneth.framework */,
			);
			name = Frameworks;
			sourceTree = "<group>";
		};
/* End PBXGroup section */

/* Begin PBXNativeTarget section */
		479ACB2625EACC7E00C5E4FA /* alboLeslieYaneth */ = {
			isa = PBXNativeTarget;
			buildConfigurationList = 479ACB3E25EACC7F00C5E4FA /* Build configuration list for PBXNativeTarget "alboLeslieYaneth" */;
			buildPhases = (
				12B456D1C2F4750004430AEB /* [CP] Check Pods Manifest.lock */,
				479ACB2325EACC7E00C5E4FA /* Sources */,
				479ACB2425EACC7E00C5E4FA /* Frameworks */,
				479ACB2525EACC7E00C5E4FA /* Resources */,
				E8D551C4BC3CBC2CCB56BCB0 /* [CP] Embed Pods Frameworks */,
				205F6E90B676A30A89CDC9DB /* [CP] Copy Pods Resources */,
			);
			buildRules = (
			);
			dependencies = (
			);
			name = alboLeslieYaneth;
			productName = alboLeslieYaneth;
			productReference = 479ACB2725EACC7E00C5E4FA /* alboLeslieYaneth.app */;
			productType = "com.apple.product-type.application";
		};
/* End PBXNativeTarget section */

/* Begin PBXProject section */
		479ACB1F25EACC7E00C5E4FA /* Project object */ = {
			isa = PBXProject;
			attributes = {
				LastSwiftUpdateCheck = 1230;
				LastUpgradeCheck = 1230;
				TargetAttributes = {
					479ACB2625EACC7E00C5E4FA = {
						CreatedOnToolsVersion = 12.3;
					};
				};
			};
			buildConfigurationList = 479ACB2225EACC7E00C5E4FA /* Build configuration list for PBXProject "alboLeslieYaneth" */;
			compatibilityVersion = "Xcode 9.3";
			developmentRegion = en;
			hasScannedForEncodings = 0;
			knownRegions = (
				en,
				Base,
			);
			mainGroup = 479ACB1E25EACC7E00C5E4FA;
			productRefGroup = 479ACB2825EACC7E00C5E4FA /* Products */;
			projectDirPath = "";
			projectRoot = "";
			targets = (
				479ACB2625EACC7E00C5E4FA /* alboLeslieYaneth */,
			);
		};
/* End PBXProject section */

/* Begin PBXResourcesBuildPhase section */
		479ACB2525EACC7E00C5E4FA /* Resources */ = {
			isa = PBXResourcesBuildPhase;
			buildActionMask = 2147483647;
			files = (
				479ACB3A25EACC7F00C5E4FA /* LaunchScreen.storyboard in Resources */,
				479ACB3725EACC7F00C5E4FA /* Assets.xcassets in Resources */,
				479ACB3225EACC7E00C5E4FA /* Main.storyboard in Resources */,
			);
			runOnlyForDeploymentPostprocessing = 0;
		};
/* End PBXResourcesBuildPhase section */

/* Begin PBXShellScriptBuildPhase section */
		12B456D1C2F4750004430AEB /* [CP] Check Pods Manifest.lock */ = {
			isa = PBXShellScriptBuildPhase;
			buildActionMask = 2147483647;
			files = (
			);
			inputFileListPaths = (
			);
			inputPaths = (
				"${PODS_PODFILE_DIR_PATH}/Podfile.lock",
				"${PODS_ROOT}/Manifest.lock",
			);
			name = "[CP] Check Pods Manifest.lock";
			outputFileListPaths = (
			);
			outputPaths = (
				"$(DERIVED_FILE_DIR)/Pods-alboLeslieYaneth-checkManifestLockResult.txt",
			);
			runOnlyForDeploymentPostprocessing = 0;
			shellPath = /bin/sh;
			shellScript = "diff \"${PODS_PODFILE_DIR_PATH}/Podfile.lock\" \"${PODS_ROOT}/Manifest.lock\" > /dev/null\nif [ $? != 0 ] ; then\n    # print error to STDERR\n    echo \"error: The sandbox is not in sync with the Podfile.lock. Run 'pod install' or update your CocoaPods installation.\" >&2\n    exit 1\nfi\n# This output is used by Xcode 'outputs' to avoid re-running this script phase.\necho \"SUCCESS\" > \"${SCRIPT_OUTPUT_FILE_0}\"\n";
			showEnvVarsInLog = 0;
		};
		205F6E90B676A30A89CDC9DB /* [CP] Copy Pods Resources */ = {
			isa = PBXShellScriptBuildPhase;
			buildActionMask = 2147483647;
			files = (
			);
			inputFileListPaths = (
				"${PODS_ROOT}/Target Support Files/Pods-alboLeslieYaneth/Pods-alboLeslieYaneth-resources-${CONFIGURATION}-input-files.xcfilelist",
			);
			name = "[CP] Copy Pods Resources";
			outputFileListPaths = (
				"${PODS_ROOT}/Target Support Files/Pods-alboLeslieYaneth/Pods-alboLeslieYaneth-resources-${CONFIGURATION}-output-files.xcfilelist",
			);
			runOnlyForDeploymentPostprocessing = 0;
			shellPath = /bin/sh;
			shellScript = "\"${PODS_ROOT}/Target Support Files/Pods-alboLeslieYaneth/Pods-alboLeslieYaneth-resources.sh\"\n";
			showEnvVarsInLog = 0;
		};
		E8D551C4BC3CBC2CCB56BCB0 /* [CP] Embed Pods Frameworks */ = {
			isa = PBXShellScriptBuildPhase;
			buildActionMask = 2147483647;
			files = (
			);
			inputFileListPaths = (
				"${PODS_ROOT}/Target Support Files/Pods-alboLeslieYaneth/Pods-alboLeslieYaneth-frameworks-${CONFIGURATION}-input-files.xcfilelist",
			);
			name = "[CP] Embed Pods Frameworks";
			outputFileListPaths = (
				"${PODS_ROOT}/Target Support Files/Pods-alboLeslieYaneth/Pods-alboLeslieYaneth-frameworks-${CONFIGURATION}-output-files.xcfilelist",
			);
			runOnlyForDeploymentPostprocessing = 0;
			shellPath = /bin/sh;
			shellScript = "\"${PODS_ROOT}/Target Support Files/Pods-alboLeslieYaneth/Pods-alboLeslieYaneth-frameworks.sh\"\n";
			showEnvVarsInLog = 0;
		};
/* End PBXShellScriptBuildPhase section */

/* Begin PBXSourcesBuildPhase section */
		479ACB2325EACC7E00C5E4FA /* Sources */ = {
			isa = PBXSourcesBuildPhase;
			buildActionMask = 2147483647;
			files = (
				479ACBE225EAE82B00C5E4FA /* NetworkManager.swift in Sources */,
				479ACBD625EAE6C500C5E4FA /* MainFeedRouter.swift in Sources */,
				479ACBD925EAE6F800C5E4FA /* MainFeedViewController.swift in Sources */,
				479ACC0825EAFC4500C5E4FA /* MapViewController.swift in Sources */,
				479ACC1625EAFD7100C5E4FA /* ListAirportsRouter.swift in Sources */,
				479ACC1325EAFD5D00C5E4FA /* ListAirportsPresenter.swift in Sources */,
				479ACC0C25EAFD2600C5E4FA /* ListAirportsUseCases.swift in Sources */,
				479ACC1925EAFD8500C5E4FA /* ListAirportsViewController.swift in Sources */,
				479ACBE725EAE8DB00C5E4FA /* UIStoryboardExtensions.swift in Sources */,
				479ACBCD25EAE64600C5E4FA /* MainFeedUseCases.swift in Sources */,
				479ACBC625EAE5FC00C5E4FA /* BaseViewController.swift in Sources */,
				479ACC1025EAFD3A00C5E4FA /* ListAirportsInteractor.swift in Sources */,
				479ACBFF25EAFC0100C5E4FA /* MapInteractor.swift in Sources */,
				479ACC0525EAFC2900C5E4FA /* MapRouter.swift in Sources */,
				479ACBFB25EAFBE300C5E4FA /* MapUseCases.swift in Sources */,
				479ACBD325EAE69100C5E4FA /* MainFeedPresenter.swift in Sources */,
				479ACB2B25EACC7E00C5E4FA /* AppDelegate.swift in Sources */,
				479ACB3525EACC7E00C5E4FA /* alboLeslieYaneth.xcdatamodeld in Sources */,
				479ACC0225EAFC1700C5E4FA /* MapPresenter.swift in Sources */,
				479ACBF125EAF96200C5E4FA /* AirportBaseRouter.swift in Sources */,
				479ACB2D25EACC7E00C5E4FA /* SceneDelegate.swift in Sources */,
				479ACC3C25EB1BDA00C5E4FA /* AirportsCell.swift in Sources */,
				479ACBD025EAE66000C5E4FA /* MainFeedInteractor.swift in Sources */,
				479ACC3825EB085200C5E4FA /* ListAirportsWorker.swift in Sources */,
				479ACBDE25EAE78300C5E4FA /* AlboLeslieAPI.swift in Sources */,
				479ACBED25EAF83400C5E4FA /* AirportBaseViewController.swift in Sources */,
				479ACBF525EAFA5F00C5E4FA /* TabMenuViewCell.swift in Sources */,
				479ACC3525EB077500C5E4FA /* AirportsModels.swift in Sources */,
			);
			runOnlyForDeploymentPostprocessing = 0;
		};
/* End PBXSourcesBuildPhase section */

/* Begin PBXVariantGroup section */
		479ACB3025EACC7E00C5E4FA /* Main.storyboard */ = {
			isa = PBXVariantGroup;
			children = (
				479ACB3125EACC7E00C5E4FA /* Base */,
			);
			name = Main.storyboard;
			sourceTree = "<group>";
		};
		479ACB3825EACC7F00C5E4FA /* LaunchScreen.storyboard */ = {
			isa = PBXVariantGroup;
			children = (
				479ACB3925EACC7F00C5E4FA /* Base */,
			);
			name = LaunchScreen.storyboard;
			sourceTree = "<group>";
		};
/* End PBXVariantGroup section */

/* Begin XCBuildConfiguration section */
		479ACB3C25EACC7F00C5E4FA /* Debug */ = {
			isa = XCBuildConfiguration;
			buildSettings = {
				ALWAYS_SEARCH_USER_PATHS = NO;
				CLANG_ANALYZER_NONNULL = YES;
				CLANG_ANALYZER_NUMBER_OBJECT_CONVERSION = YES_AGGRESSIVE;
				CLANG_CXX_LANGUAGE_STANDARD = "gnu++14";
				CLANG_CXX_LIBRARY = "libc++";
				CLANG_ENABLE_MODULES = YES;
				CLANG_ENABLE_OBJC_ARC = YES;
				CLANG_ENABLE_OBJC_WEAK = YES;
				CLANG_WARN_BLOCK_CAPTURE_AUTORELEASING = YES;
				CLANG_WARN_BOOL_CONVERSION = YES;
				CLANG_WARN_COMMA = YES;
				CLANG_WARN_CONSTANT_CONVERSION = YES;
				CLANG_WARN_DEPRECATED_OBJC_IMPLEMENTATIONS = YES;
				CLANG_WARN_DIRECT_OBJC_ISA_USAGE = YES_ERROR;
				CLANG_WARN_DOCUMENTATION_COMMENTS = YES;
				CLANG_WARN_EMPTY_BODY = YES;
				CLANG_WARN_ENUM_CONVERSION = YES;
				CLANG_WARN_INFINITE_RECURSION = YES;
				CLANG_WARN_INT_CONVERSION = YES;
				CLANG_WARN_NON_LITERAL_NULL_CONVERSION = YES;
				CLANG_WARN_OBJC_IMPLICIT_RETAIN_SELF = YES;
				CLANG_WARN_OBJC_LITERAL_CONVERSION = YES;
				CLANG_WARN_OBJC_ROOT_CLASS = YES_ERROR;
				CLANG_WARN_QUOTED_INCLUDE_IN_FRAMEWORK_HEADER = YES;
				CLANG_WARN_RANGE_LOOP_ANALYSIS = YES;
				CLANG_WARN_STRICT_PROTOTYPES = YES;
				CLANG_WARN_SUSPICIOUS_MOVE = YES;
				CLANG_WARN_UNGUARDED_AVAILABILITY = YES_AGGRESSIVE;
				CLANG_WARN_UNREACHABLE_CODE = YES;
				CLANG_WARN__DUPLICATE_METHOD_MATCH = YES;
				COPY_PHASE_STRIP = NO;
				DEBUG_INFORMATION_FORMAT = dwarf;
				ENABLE_STRICT_OBJC_MSGSEND = YES;
				ENABLE_TESTABILITY = YES;
				GCC_C_LANGUAGE_STANDARD = gnu11;
				GCC_DYNAMIC_NO_PIC = NO;
				GCC_NO_COMMON_BLOCKS = YES;
				GCC_OPTIMIZATION_LEVEL = 0;
				GCC_PREPROCESSOR_DEFINITIONS = (
					"DEBUG=1",
					"$(inherited)",
				);
				GCC_WARN_64_TO_32_BIT_CONVERSION = YES;
				GCC_WARN_ABOUT_RETURN_TYPE = YES_ERROR;
				GCC_WARN_UNDECLARED_SELECTOR = YES;
				GCC_WARN_UNINITIALIZED_AUTOS = YES_AGGRESSIVE;
				GCC_WARN_UNUSED_FUNCTION = YES;
				GCC_WARN_UNUSED_VARIABLE = YES;
				IPHONEOS_DEPLOYMENT_TARGET = 14.3;
				MTL_ENABLE_DEBUG_INFO = INCLUDE_SOURCE;
				MTL_FAST_MATH = YES;
				ONLY_ACTIVE_ARCH = YES;
				SDKROOT = iphoneos;
				SWIFT_ACTIVE_COMPILATION_CONDITIONS = DEBUG;
				SWIFT_OPTIMIZATION_LEVEL = "-Onone";
			};
			name = Debug;
		};
		479ACB3D25EACC7F00C5E4FA /* Release */ = {
			isa = XCBuildConfiguration;
			buildSettings = {
				ALWAYS_SEARCH_USER_PATHS = NO;
				CLANG_ANALYZER_NONNULL = YES;
				CLANG_ANALYZER_NUMBER_OBJECT_CONVERSION = YES_AGGRESSIVE;
				CLANG_CXX_LANGUAGE_STANDARD = "gnu++14";
				CLANG_CXX_LIBRARY = "libc++";
				CLANG_ENABLE_MODULES = YES;
				CLANG_ENABLE_OBJC_ARC = YES;
				CLANG_ENABLE_OBJC_WEAK = YES;
				CLANG_WARN_BLOCK_CAPTURE_AUTORELEASING = YES;
				CLANG_WARN_BOOL_CONVERSION = YES;
				CLANG_WARN_COMMA = YES;
				CLANG_WARN_CONSTANT_CONVERSION = YES;
				CLANG_WARN_DEPRECATED_OBJC_IMPLEMENTATIONS = YES;
				CLANG_WARN_DIRECT_OBJC_ISA_USAGE = YES_ERROR;
				CLANG_WARN_DOCUMENTATION_COMMENTS = YES;
				CLANG_WARN_EMPTY_BODY = YES;
				CLANG_WARN_ENUM_CONVERSION = YES;
				CLANG_WARN_INFINITE_RECURSION = YES;
				CLANG_WARN_INT_CONVERSION = YES;
				CLANG_WARN_NON_LITERAL_NULL_CONVERSION = YES;
				CLANG_WARN_OBJC_IMPLICIT_RETAIN_SELF = YES;
				CLANG_WARN_OBJC_LITERAL_CONVERSION = YES;
				CLANG_WARN_OBJC_ROOT_CLASS = YES_ERROR;
				CLANG_WARN_QUOTED_INCLUDE_IN_FRAMEWORK_HEADER = YES;
				CLANG_WARN_RANGE_LOOP_ANALYSIS = YES;
				CLANG_WARN_STRICT_PROTOTYPES = YES;
				CLANG_WARN_SUSPICIOUS_MOVE = YES;
				CLANG_WARN_UNGUARDED_AVAILABILITY = YES_AGGRESSIVE;
				CLANG_WARN_UNREACHABLE_CODE = YES;
				CLANG_WARN__DUPLICATE_METHOD_MATCH = YES;
				COPY_PHASE_STRIP = NO;
				DEBUG_INFORMATION_FORMAT = "dwarf-with-dsym";
				ENABLE_NS_ASSERTIONS = NO;
				ENABLE_STRICT_OBJC_MSGSEND = YES;
				GCC_C_LANGUAGE_STANDARD = gnu11;
				GCC_NO_COMMON_BLOCKS = YES;
				GCC_WARN_64_TO_32_BIT_CONVERSION = YES;
				GCC_WARN_ABOUT_RETURN_TYPE = YES_ERROR;
				GCC_WARN_UNDECLARED_SELECTOR = YES;
				GCC_WARN_UNINITIALIZED_AUTOS = YES_AGGRESSIVE;
				GCC_WARN_UNUSED_FUNCTION = YES;
				GCC_WARN_UNUSED_VARIABLE = YES;
				IPHONEOS_DEPLOYMENT_TARGET = 14.3;
				MTL_ENABLE_DEBUG_INFO = NO;
				MTL_FAST_MATH = YES;
				SDKROOT = iphoneos;
				SWIFT_COMPILATION_MODE = wholemodule;
				SWIFT_OPTIMIZATION_LEVEL = "-O";
				VALIDATE_PRODUCT = YES;
			};
			name = Release;
		};
		479ACB3F25EACC7F00C5E4FA /* Debug */ = {
			isa = XCBuildConfiguration;
			baseConfigurationReference = 948056B8CCBF297128412070 /* Pods-alboLeslieYaneth.debug.xcconfig */;
			buildSettings = {
				ASSETCATALOG_COMPILER_APPICON_NAME = AppIcon;
				ASSETCATALOG_COMPILER_GLOBAL_ACCENT_COLOR_NAME = AccentColor;
				CODE_SIGN_STYLE = Automatic;
				DEVELOPMENT_TEAM = 2Y7GL9NNQ4;
				INFOPLIST_FILE = alboLeslieYaneth/Info.plist;
				IPHONEOS_DEPLOYMENT_TARGET = 13.0;
				LD_RUNPATH_SEARCH_PATHS = (
					"$(inherited)",
					"@executable_path/Frameworks",
				);
				PRODUCT_BUNDLE_IDENTIFIER = Leslie.alboLeslieYaneth;
				PRODUCT_NAME = "$(TARGET_NAME)";
				SWIFT_VERSION = 4.0;
				TARGETED_DEVICE_FAMILY = 1;
			};
			name = Debug;
		};
		479ACB4025EACC7F00C5E4FA /* Release */ = {
			isa = XCBuildConfiguration;
			baseConfigurationReference = 0C9473F19333D00B20769BA7 /* Pods-alboLeslieYaneth.release.xcconfig */;
			buildSettings = {
				ASSETCATALOG_COMPILER_APPICON_NAME = AppIcon;
				ASSETCATALOG_COMPILER_GLOBAL_ACCENT_COLOR_NAME = AccentColor;
				CODE_SIGN_STYLE = Automatic;
				DEVELOPMENT_TEAM = 2Y7GL9NNQ4;
				INFOPLIST_FILE = alboLeslieYaneth/Info.plist;
				IPHONEOS_DEPLOYMENT_TARGET = 13.0;
				LD_RUNPATH_SEARCH_PATHS = (
					"$(inherited)",
					"@executable_path/Frameworks",
				);
				PRODUCT_BUNDLE_IDENTIFIER = Leslie.alboLeslieYaneth;
				PRODUCT_NAME = "$(TARGET_NAME)";
				SWIFT_VERSION = 4.0;
				TARGETED_DEVICE_FAMILY = 1;
			};
			name = Release;
		};
/* End XCBuildConfiguration section */

/* Begin XCConfigurationList section */
		479ACB2225EACC7E00C5E4FA /* Build configuration list for PBXProject "alboLeslieYaneth" */ = {
			isa = XCConfigurationList;
			buildConfigurations = (
				479ACB3C25EACC7F00C5E4FA /* Debug */,
				479ACB3D25EACC7F00C5E4FA /* Release */,
			);
			defaultConfigurationIsVisible = 0;
			defaultConfigurationName = Release;
		};
		479ACB3E25EACC7F00C5E4FA /* Build configuration list for PBXNativeTarget "alboLeslieYaneth" */ = {
			isa = XCConfigurationList;
			buildConfigurations = (
				479ACB3F25EACC7F00C5E4FA /* Debug */,
				479ACB4025EACC7F00C5E4FA /* Release */,
			);
			defaultConfigurationIsVisible = 0;
			defaultConfigurationName = Release;
		};
/* End XCConfigurationList section */

/* Begin XCVersionGroup section */
		479ACB3325EACC7E00C5E4FA /* alboLeslieYaneth.xcdatamodeld */ = {
			isa = XCVersionGroup;
			children = (
				479ACB3425EACC7E00C5E4FA /* alboLeslieYaneth.xcdatamodel */,
			);
			currentVersion = 479ACB3425EACC7E00C5E4FA /* alboLeslieYaneth.xcdatamodel */;
			path = alboLeslieYaneth.xcdatamodeld;
			sourceTree = "<group>";
			versionGroupType = wrapper.xcdatamodel;
		};
/* End XCVersionGroup section */
	};
	rootObject = 479ACB1F25EACC7E00C5E4FA /* Project object */;
}
